{
  "name": "zorro",
  "version": "0.0.0",
  "lockfileVersion": 1,
  "requires": true,
  "dependencies": {
    "@angular/cdk": {
      "version": "6.4.7",
      "resolved": "http://registry.npm.taobao.org/@angular/cdk/download/@angular/cdk-6.4.7.tgz",
      "integrity": "sha1-FUmzBN1BLoK9hUzFWn1cZ3LuBBE=",
      "requires": {
        "tslib": "1.9.3"
      }
    },
    "@ant-design/icons-angular": {
      "version": "0.0.3",
      "resolved": "http://registry.npm.taobao.org/@ant-design/icons-angular/download/@ant-design/icons-angular-0.0.3.tgz",
      "integrity": "sha1-YG9byYb3P4q38004Pckyy/VNXPA=",
      "requires": {
        "ant-design-palettes": "1.1.3",
        "tslib": "1.9.3"
      }
    },
    "ant-design-palettes": {
      "version": "1.1.3",
      "resolved": "http://registry.npm.taobao.org/ant-design-palettes/download/ant-design-palettes-1.1.3.tgz",
      "integrity": "sha1-hBGbGk2GNjrcUqONWH5lM2oKJ90=",
      "requires": {
        "tinycolor2": "1.4.1"
      }
    },
    "date-fns": {
      "version": "1.29.0",
      "resolved": "http://registry.npm.taobao.org/date-fns/download/date-fns-1.29.0.tgz",
      "integrity": "sha1-EuYJzcuTUScxHQTTMzTilgoqVOY="
    },
    "ng-zorro-antd": {
      "version": "1.7.1",
      "resolved": "http://registry.npm.taobao.org/ng-zorro-antd/download/ng-zorro-antd-1.7.1.tgz",
      "integrity": "sha1-w4Awz5ZwkhPk90iz4P+lKeMguiI=",
      "requires": {
        "@angular/cdk": "6.4.7",
        "@ant-design/icons-angular": "0.0.3",
        "date-fns": "1.29.0",
        "tslib": "1.9.3"
      }
    },
    "tinycolor2": {
      "version": "1.4.1",
      "resolved": "http://registry.npm.taobao.org/tinycolor2/download/tinycolor2-1.4.1.tgz",
      "integrity": "sha1-9PrTM0R7wLB9TcjpIJ2POaisd+g="
    },
    "tslib": {
      "version": "1.9.3",
      "resolved": "http://registry.npm.taobao.org/tslib/download/tslib-1.9.3.tgz",
      "integrity": "sha1-1+TdeSRdhUKMTX5IIqeZF5VMooY="
    }
  }
}
